
Microsoft Visual Studio Solution File, Format Version 12.00
# Visual Studio Version 17
VisualStudioVersion = 17.2.32616.157
MinimumVisualStudioVersion = 10.0.40219.1
Project("{9A19103F-16F7-4668-BE54-9A1E7A4F7556}") = "MapEntitiesService", "MapEntitiesService\MapEntitiesService.csproj", "{87ADDD2A-2432-462A-B407-4A2EB2BA24ED}"
EndProject
Project("{2150E333-8FDC-42A3-9474-1A3956D46DE8}") = "MapEntities", "MapEntities", "{295340E1-B61F-457F-B90A-1798D7C0E5C9}"
EndProject
Project("{9A19103F-16F7-4668-BE54-9A1E7A4F7556}") = "MapEntitiesService.Core", "MapEntitiesService.Core\MapEntitiesService.Core.csproj", "{C76781D9-90BD-40CB-B449-FBDE0E3A1CC3}"
EndProject
Project("{9A19103F-16F7-4668-BE54-9A1E7A4F7556}") = "MapEntitiesService.Infrastructure", "MapEntitiesService.Infrastructure\MapEntitiesService.Infrastructure.csproj", "{A4433970-A717-42B5-A6CF-32F68CD4B42B}"
EndProject
Project("{2150E333-8FDC-42A3-9474-1A3956D46DE8}") = "Common", "Common", "{638468DF-05EC-4EEE-B7E4-1C11267A671F}"
EndProject
Project("{9A19103F-16F7-4668-BE54-9A1E7A4F7556}") = "MessageBroker.Core", "MessageBroker.Core\MessageBroker.Core.csproj", "{7F2E6CE6-997A-414A-A8D4-33CE777603D9}"
EndProject
Project("{9A19103F-16F7-4668-BE54-9A1E7A4F7556}") = "MessageBroker.Infrastructure", "MessageBroker.Infrastructure\MessageBroker.Infrastructure.csproj", "{08BDBBB7-3E04-4BB3-92CD-516E711630C7}"
EndProject
Project("{E53339B2-1760-4266-BCC7-CA923CBCF16C}") = "docker-compose", "docker-compose.dcproj", "{3D5ABEC2-6A6E-485F-8D88-FFD899800BE3}"
EndProject
Project("{2150E333-8FDC-42A3-9474-1A3956D46DE8}") = "Notification", "Notification", "{06B696C7-9A0B-4DDB-AA14-6E2CCF13D386}"
EndProject
Project("{9A19103F-16F7-4668-BE54-9A1E7A4F7556}") = "NotificationService", "NotificationService\NotificationService.csproj", "{082063A3-9E2C-42F5-8F77-1DDCDA8A7242}"
EndProject
Project("{2150E333-8FDC-42A3-9474-1A3956D46DE8}") = "MapRepository", "MapRepository", "{AAE2FA29-5F88-46CD-86FC-9D62C3A9E9AD}"
EndProject
Project("{9A19103F-16F7-4668-BE54-9A1E7A4F7556}") = "MapRepositoryService", "MapRepositoryService\MapRepositoryService.csproj", "{7B619DC8-B1D1-408C-B788-D62AC87F3C57}"
EndProject
Project("{9A19103F-16F7-4668-BE54-9A1E7A4F7556}") = "MapRepositoryService.Core", "MapRepositoryService.Core\MapRepositoryService.Core.csproj", "{2F51DC3A-A913-44D7-AAF8-422EF0E2452E}"
EndProject
Project("{9A19103F-16F7-4668-BE54-9A1E7A4F7556}") = "MapRepositoryService.Infrastructure", "MapRepositoryService.Infrastructure\MapRepositoryService.Infrastructure.csproj", "{4322F1E6-6D67-4DEC-992D-77FE5874E0F1}"
EndProject
Global
	GlobalSection(SolutionConfigurationPlatforms) = preSolution
		Debug|Any CPU = Debug|Any CPU
		Release|Any CPU = Release|Any CPU
	EndGlobalSection
	GlobalSection(ProjectConfigurationPlatforms) = postSolution
		{87ADDD2A-2432-462A-B407-4A2EB2BA24ED}.Debug|Any CPU.ActiveCfg = Debug|Any CPU
		{87ADDD2A-2432-462A-B407-4A2EB2BA24ED}.Debug|Any CPU.Build.0 = Debug|Any CPU
		{87ADDD2A-2432-462A-B407-4A2EB2BA24ED}.Release|Any CPU.ActiveCfg = Release|Any CPU
		{87ADDD2A-2432-462A-B407-4A2EB2BA24ED}.Release|Any CPU.Build.0 = Release|Any CPU
		{C76781D9-90BD-40CB-B449-FBDE0E3A1CC3}.Debug|Any CPU.ActiveCfg = Debug|Any CPU
		{C76781D9-90BD-40CB-B449-FBDE0E3A1CC3}.Debug|Any CPU.Build.0 = Debug|Any CPU
		{C76781D9-90BD-40CB-B449-FBDE0E3A1CC3}.Release|Any CPU.ActiveCfg = Release|Any CPU
		{C76781D9-90BD-40CB-B449-FBDE0E3A1CC3}.Release|Any CPU.Build.0 = Release|Any CPU
		{A4433970-A717-42B5-A6CF-32F68CD4B42B}.Debug|Any CPU.ActiveCfg = Debug|Any CPU
		{A4433970-A717-42B5-A6CF-32F68CD4B42B}.Debug|Any CPU.Build.0 = Debug|Any CPU
		{A4433970-A717-42B5-A6CF-32F68CD4B42B}.Release|Any CPU.ActiveCfg = Release|Any CPU
		{A4433970-A717-42B5-A6CF-32F68CD4B42B}.Release|Any CPU.Build.0 = Release|Any CPU
		{7F2E6CE6-997A-414A-A8D4-33CE777603D9}.Debug|Any CPU.ActiveCfg = Debug|Any CPU
		{7F2E6CE6-997A-414A-A8D4-33CE777603D9}.Debug|Any CPU.Build.0 = Debug|Any CPU
		{7F2E6CE6-997A-414A-A8D4-33CE777603D9}.Release|Any CPU.ActiveCfg = Release|Any CPU
		{7F2E6CE6-997A-414A-A8D4-33CE777603D9}.Release|Any CPU.Build.0 = Release|Any CPU
		{08BDBBB7-3E04-4BB3-92CD-516E711630C7}.Debug|Any CPU.ActiveCfg = Debug|Any CPU
		{08BDBBB7-3E04-4BB3-92CD-516E711630C7}.Debug|Any CPU.Build.0 = Debug|Any CPU
		{08BDBBB7-3E04-4BB3-92CD-516E711630C7}.Release|Any CPU.ActiveCfg = Release|Any CPU
		{08BDBBB7-3E04-4BB3-92CD-516E711630C7}.Release|Any CPU.Build.0 = Release|Any CPU
		{3D5ABEC2-6A6E-485F-8D88-FFD899800BE3}.Debug|Any CPU.ActiveCfg = Debug|Any CPU
		{3D5ABEC2-6A6E-485F-8D88-FFD899800BE3}.Debug|Any CPU.Build.0 = Debug|Any CPU
		{3D5ABEC2-6A6E-485F-8D88-FFD899800BE3}.Release|Any CPU.ActiveCfg = Release|Any CPU
		{3D5ABEC2-6A6E-485F-8D88-FFD899800BE3}.Release|Any CPU.Build.0 = Release|Any CPU
		{082063A3-9E2C-42F5-8F77-1DDCDA8A7242}.Debug|Any CPU.ActiveCfg = Debug|Any CPU
		{082063A3-9E2C-42F5-8F77-1DDCDA8A7242}.Debug|Any CPU.Build.0 = Debug|Any CPU
		{082063A3-9E2C-42F5-8F77-1DDCDA8A7242}.Release|Any CPU.ActiveCfg = Release|Any CPU
		{082063A3-9E2C-42F5-8F77-1DDCDA8A7242}.Release|Any CPU.Build.0 = Release|Any CPU
		{7B619DC8-B1D1-408C-B788-D62AC87F3C57}.Debug|Any CPU.ActiveCfg = Debug|Any CPU
		{7B619DC8-B1D1-408C-B788-D62AC87F3C57}.Debug|Any CPU.Build.0 = Debug|Any CPU
		{7B619DC8-B1D1-408C-B788-D62AC87F3C57}.Release|Any CPU.ActiveCfg = Release|Any CPU
		{7B619DC8-B1D1-408C-B788-D62AC87F3C57}.Release|Any CPU.Build.0 = Release|Any CPU
		{2F51DC3A-A913-44D7-AAF8-422EF0E2452E}.Debug|Any CPU.ActiveCfg = Debug|Any CPU
		{2F51DC3A-A913-44D7-AAF8-422EF0E2452E}.Debug|Any CPU.Build.0 = Debug|Any CPU
		{2F51DC3A-A913-44D7-AAF8-422EF0E2452E}.Release|Any CPU.ActiveCfg = Release|Any CPU
		{2F51DC3A-A913-44D7-AAF8-422EF0E2452E}.Release|Any CPU.Build.0 = Release|Any CPU
		{4322F1E6-6D67-4DEC-992D-77FE5874E0F1}.Debug|Any CPU.ActiveCfg = Debug|Any CPU
		{4322F1E6-6D67-4DEC-992D-77FE5874E0F1}.Debug|Any CPU.Build.0 = Debug|Any CPU
		{4322F1E6-6D67-4DEC-992D-77FE5874E0F1}.Release|Any CPU.ActiveCfg = Release|Any CPU
		{4322F1E6-6D67-4DEC-992D-77FE5874E0F1}.Release|Any CPU.Build.0 = Release|Any CPU
	EndGlobalSection
	GlobalSection(SolutionProperties) = preSolution
		HideSolutionNode = FALSE
	EndGlobalSection
	GlobalSection(NestedProjects) = preSolution
		{87ADDD2A-2432-462A-B407-4A2EB2BA24ED} = {295340E1-B61F-457F-B90A-1798D7C0E5C9}
		{C76781D9-90BD-40CB-B449-FBDE0E3A1CC3} = {295340E1-B61F-457F-B90A-1798D7C0E5C9}
		{A4433970-A717-42B5-A6CF-32F68CD4B42B} = {295340E1-B61F-457F-B90A-1798D7C0E5C9}
		{7F2E6CE6-997A-414A-A8D4-33CE777603D9} = {638468DF-05EC-4EEE-B7E4-1C11267A671F}
		{08BDBBB7-3E04-4BB3-92CD-516E711630C7} = {638468DF-05EC-4EEE-B7E4-1C11267A671F}
		{082063A3-9E2C-42F5-8F77-1DDCDA8A7242} = {06B696C7-9A0B-4DDB-AA14-6E2CCF13D386}
		{7B619DC8-B1D1-408C-B788-D62AC87F3C57} = {AAE2FA29-5F88-46CD-86FC-9D62C3A9E9AD}
		{2F51DC3A-A913-44D7-AAF8-422EF0E2452E} = {AAE2FA29-5F88-46CD-86FC-9D62C3A9E9AD}
		{4322F1E6-6D67-4DEC-992D-77FE5874E0F1} = {AAE2FA29-5F88-46CD-86FC-9D62C3A9E9AD}
	EndGlobalSection
	GlobalSection(ExtensibilityGlobals) = postSolution
		SolutionGuid = {7AED3AC6-0169-44BA-AC52-23C2771F8847}
	EndGlobalSection
EndGlobal
